
Microsoft Visual Studio Solution File, Format Version 12.00
# Visual Studio Version 16
VisualStudioVersion = 16.0.30225.117
MinimumVisualStudioVersion = 10.0.40219.1
Project("{FAE04EC0-301F-11D3-BF4B-00C04F79EFBC}") = "Cau3", "Cau3\Cau3.csproj", "{BCC1734F-F6FB-42AA-8E91-E599C67F35E6}"
EndProject
Global
	GlobalSection(SolutionConfigurationPlatforms) = preSolution
		Debug|Any CPU = Debug|Any CPU
		Release|Any CPU = Release|Any CPU
	EndGlobalSection
	GlobalSection(ProjectConfigurationPlatforms) = postSolution
		{BCC1734F-F6FB-42AA-8E91-E599C67F35E6}.Debug|Any CPU.ActiveCfg = Debug|Any CPU
		{BCC1734F-F6FB-42AA-8E91-E599C67F35E6}.Debug|Any CPU.Build.0 = Debug|Any CPU
		{BCC1734F-F6FB-42AA-8E91-E599C67F35E6}.Release|Any CPU.ActiveCfg = Release|Any CPU
		{BCC1734F-F6FB-42AA-8E91-E599C67F35E6}.Release|Any CPU.Build.0 = Release|Any CPU
	EndGlobalSection
	GlobalSection(SolutionProperties) = preSolution
		HideSolutionNode = FALSE
	EndGlobalSection
	GlobalSection(ExtensibilityGlobals) = postSolution
		SolutionGuid = {C968D6E0-5F49-4E27-B4C2-6FD2468866F8}
	EndGlobalSection
EndGlobal
